
Microsoft Visual Studio Solution File, Format Version 12.00
# Visual Studio Version 17
VisualStudioVersion = 17.11.35312.102
MinimumVisualStudioVersion = 10.0.40219.1
Project("{FAE04EC0-301F-11D3-BF4B-00C04F79EFBC}") = "hook1", "hook1.csproj", "{3D564E21-9273-4BE9-BFDD-729332E72205}"
EndProject
Global
	GlobalSection(SolutionConfigurationPlatforms) = preSolution
		Debug|Any CPU = Debug|Any CPU
		Release|Any CPU = Release|Any CPU
	EndGlobalSection
	GlobalSection(ProjectConfigurationPlatforms) = postSolution
		{3D564E21-9273-4BE9-BFDD-729332E72205}.Debug|Any CPU.ActiveCfg = Debug|Any CPU
		{3D564E21-9273-4BE9-BFDD-729332E72205}.Debug|Any CPU.Build.0 = Debug|Any CPU
		{3D564E21-9273-4BE9-BFDD-729332E72205}.Release|Any CPU.ActiveCfg = Release|Any CPU
		{3D564E21-9273-4BE9-BFDD-729332E72205}.Release|Any CPU.Build.0 = Release|Any CPU
	EndGlobalSection
	GlobalSection(SolutionProperties) = preSolution
		HideSolutionNode = FALSE
	EndGlobalSection
	GlobalSection(ExtensibilityGlobals) = postSolution
		SolutionGuid = {150A850E-B5BE-4F60-BDB5-F432C51A3D88}
	EndGlobalSection
EndGlobal
